
Microsoft Visual Studio Solution File, Format Version 12.00
# Visual Studio 2013
VisualStudioVersion = 12.0.30723.0
MinimumVisualStudioVersion = 10.0.40219.1
Project("{FAE04EC0-301F-11D3-BF4B-00C04F79EFBC}") = "Ishimotto.NuGet", "Ishimotto.NuGet\Ishimotto.NuGet.csproj", "{1DB1D0F0-370E-477E-8FEC-9D47237578DD}"
EndProject
Project("{FAE04EC0-301F-11D3-BF4B-00C04F79EFBC}") = "Ishimotto.Console", "Ishimotto.Console\Ishimotto.Console.csproj", "{9BD681A2-23AC-4A08-AE47-B85D41A66808}"
EndProject
Project("{FAE04EC0-301F-11D3-BF4B-00C04F79EFBC}") = "Ishimotto.Core", "Ishimotto.Core\Ishimotto.Core.csproj", "{A1832391-92A3-4E4B-85A1-1F34C6BF2508}"
EndProject
Project("{2150E333-8FDC-42A3-9474-1A3956D46DE8}") = ".nuget", ".nuget", "{9E8C165F-008E-49F0-99BA-1DEBF6AE3784}"
	ProjectSection(SolutionItems) = preProject
		.nuget\NuGet.Config = .nuget\NuGet.Config
		.nuget\NuGet.exe = .nuget\NuGet.exe
		.nuget\NuGet.targets = .nuget\NuGet.targets
	EndProjectSection
EndProject
Project("{FAE04EC0-301F-11D3-BF4B-00C04F79EFBC}") = "Ishimotto.Tests", "Ishimotto.Tests\Ishimotto.Tests.csproj", "{C5003730-3D2E-4E75-B4C3-73C54D7BAECC}"
EndProject
Project("{FAE04EC0-301F-11D3-BF4B-00C04F79EFBC}") = "Ishimotto.NuGet.Tests", "Ishimotto.NuGet.Tests\Ishimotto.NuGet.Tests.csproj", "{DAE3C246-A935-4C9F-8817-F7C082DF1BD3}"
EndProject
Global
	GlobalSection(SolutionConfigurationPlatforms) = preSolution
		Debug|Any CPU = Debug|Any CPU
		Release|Any CPU = Release|Any CPU
	EndGlobalSection
	GlobalSection(ProjectConfigurationPlatforms) = postSolution
		{1DB1D0F0-370E-477E-8FEC-9D47237578DD}.Debug|Any CPU.ActiveCfg = Debug|Any CPU
		{1DB1D0F0-370E-477E-8FEC-9D47237578DD}.Debug|Any CPU.Build.0 = Debug|Any CPU
		{1DB1D0F0-370E-477E-8FEC-9D47237578DD}.Release|Any CPU.ActiveCfg = Release|Any CPU
		{1DB1D0F0-370E-477E-8FEC-9D47237578DD}.Release|Any CPU.Build.0 = Release|Any CPU
		{9BD681A2-23AC-4A08-AE47-B85D41A66808}.Debug|Any CPU.ActiveCfg = Debug|Any CPU
		{9BD681A2-23AC-4A08-AE47-B85D41A66808}.Debug|Any CPU.Build.0 = Debug|Any CPU
		{9BD681A2-23AC-4A08-AE47-B85D41A66808}.Release|Any CPU.ActiveCfg = Release|Any CPU
		{9BD681A2-23AC-4A08-AE47-B85D41A66808}.Release|Any CPU.Build.0 = Release|Any CPU
		{A1832391-92A3-4E4B-85A1-1F34C6BF2508}.Debug|Any CPU.ActiveCfg = Debug|Any CPU
		{A1832391-92A3-4E4B-85A1-1F34C6BF2508}.Debug|Any CPU.Build.0 = Debug|Any CPU
		{A1832391-92A3-4E4B-85A1-1F34C6BF2508}.Release|Any CPU.ActiveCfg = Release|Any CPU
		{A1832391-92A3-4E4B-85A1-1F34C6BF2508}.Release|Any CPU.Build.0 = Release|Any CPU
		{C5003730-3D2E-4E75-B4C3-73C54D7BAECC}.Debug|Any CPU.ActiveCfg = Debug|Any CPU
		{C5003730-3D2E-4E75-B4C3-73C54D7BAECC}.Debug|Any CPU.Build.0 = Debug|Any CPU
		{C5003730-3D2E-4E75-B4C3-73C54D7BAECC}.Release|Any CPU.ActiveCfg = Release|Any CPU
		{C5003730-3D2E-4E75-B4C3-73C54D7BAECC}.Release|Any CPU.Build.0 = Release|Any CPU
		{DAE3C246-A935-4C9F-8817-F7C082DF1BD3}.Debug|Any CPU.ActiveCfg = Debug|Any CPU
		{DAE3C246-A935-4C9F-8817-F7C082DF1BD3}.Debug|Any CPU.Build.0 = Debug|Any CPU
		{DAE3C246-A935-4C9F-8817-F7C082DF1BD3}.Release|Any CPU.ActiveCfg = Release|Any CPU
		{DAE3C246-A935-4C9F-8817-F7C082DF1BD3}.Release|Any CPU.Build.0 = Release|Any CPU
	EndGlobalSection
	GlobalSection(SolutionProperties) = preSolution
		HideSolutionNode = FALSE
	EndGlobalSection
EndGlobal
